
Microsoft Visual Studio Solution File, Format Version 12.00
# Visual Studio Version 17
VisualStudioVersion = 17.5.33516.290
MinimumVisualStudioVersion = 10.0.40219.1
Project("{FAE04EC0-301F-11D3-BF4B-00C04F79EFBC}") = "WPF File Folder", "WPF File Folder\WPF File Folder.csproj", "{798B218A-D8CC-4C30-A8C0-4C459037ACE3}"
EndProject
Global
	GlobalSection(SolutionConfigurationPlatforms) = preSolution
		Debug|Any CPU = Debug|Any CPU
		Release|Any CPU = Release|Any CPU
	EndGlobalSection
	GlobalSection(ProjectConfigurationPlatforms) = postSolution
		{798B218A-D8CC-4C30-A8C0-4C459037ACE3}.Debug|Any CPU.ActiveCfg = Debug|Any CPU
		{798B218A-D8CC-4C30-A8C0-4C459037ACE3}.Debug|Any CPU.Build.0 = Debug|Any CPU
		{798B218A-D8CC-4C30-A8C0-4C459037ACE3}.Release|Any CPU.ActiveCfg = Release|Any CPU
		{798B218A-D8CC-4C30-A8C0-4C459037ACE3}.Release|Any CPU.Build.0 = Release|Any CPU
	EndGlobalSection
	GlobalSection(SolutionProperties) = preSolution
		HideSolutionNode = FALSE
	EndGlobalSection
	GlobalSection(ExtensibilityGlobals) = postSolution
		SolutionGuid = {472CF53B-1685-481F-9217-E212C9A9D9AD}
	EndGlobalSection
EndGlobal
